PODS:
  - GRDB.swift (4.14.0):
    - GRDB.swift/standard (= 4.14.0)
  - GRDB.swift/standard (4.14.0)
  - RepoDB (0.0.4):
    - GRDB.swift (~> 4.14.0)
    - RxCocoa (~> 5)
    - RxSwift (~> 5)
  - RxCocoa (5.1.1):
    - RxRelay (~> 5)
    - RxSwift (~> 5)
  - RxRelay (5.1.1):
    - RxSwift (~> 5)
  - RxSwift (5.1.1)

DEPENDENCIES:
  - RepoDB

SPEC REPOS:
  trunk:
    - GRDB.swift
    - RepoDB
    - RxCocoa
    - RxRelay
    - RxSwift

SPEC CHECKSUMS:
  GRDB.swift: 8cc3ab7c8b8b4ac1761deb8dca4b51c1c9d429f8
  RepoDB: 6f7289bbc816f5ce6bf03f93b7c5ccefbb3e8db2
  RxCocoa: 32065309a38d29b5b0db858819b5bf9ef038b601
  RxRelay: d77f7d771495f43c556cbc43eebd1bb54d01e8e9
  RxSwift: 81470a2074fa8780320ea5fe4102807cb7118178

PODFILE CHECKSUM: 2cc97c95c6bf7bf02da471013d60aa54e12d436a

COCOAPODS: 1.10.0.beta.2
